
Microsoft Visual Studio Solution File, Format Version 12.00
# Visual Studio Version 16
VisualStudioVersion = 16.0.31624.102
MinimumVisualStudioVersion = 10.0.40219.1
Project("{FAE04EC0-301F-11D3-BF4B-00C04F79EFBC}") = "BitMatrix", "BitMatrix\BitMatrix.csproj", "{CA7667B7-14FC-429D-B9F1-EEB769AA4FA3}"
EndProject
Global
	GlobalSection(SolutionConfigurationPlatforms) = preSolution
		Debug|Any CPU = Debug|Any CPU
		Release|Any CPU = Release|Any CPU
	EndGlobalSection
	GlobalSection(ProjectConfigurationPlatforms) = postSolution
		{CA7667B7-14FC-429D-B9F1-EEB769AA4FA3}.Debug|Any CPU.ActiveCfg = Debug|Any CPU
		{CA7667B7-14FC-429D-B9F1-EEB769AA4FA3}.Debug|Any CPU.Build.0 = Debug|Any CPU
		{CA7667B7-14FC-429D-B9F1-EEB769AA4FA3}.Release|Any CPU.ActiveCfg = Release|Any CPU
		{CA7667B7-14FC-429D-B9F1-EEB769AA4FA3}.Release|Any CPU.Build.0 = Release|Any CPU
	EndGlobalSection
	GlobalSection(SolutionProperties) = preSolution
		HideSolutionNode = FALSE
	EndGlobalSection
	GlobalSection(ExtensibilityGlobals) = postSolution
		SolutionGuid = {0E77FA2D-5E68-492D-A1EC-2B486BFAAE66}
	EndGlobalSection
EndGlobal
